
Microsoft Visual Studio Solution File, Format Version 12.00
# Visual Studio Version 16
VisualStudioVersion = 16.0.31129.286
MinimumVisualStudioVersion = 10.0.40219.1
Project("{FAE04EC0-301F-11D3-BF4B-00C04F79EFBC}") = "kalkulackaUkol", "kalkulackaUkol\kalkulackaUkol.csproj", "{2800F75A-B3FD-4331-892A-2008E7F40562}"
EndProject
Global
	GlobalSection(SolutionConfigurationPlatforms) = preSolution
		Debug|Any CPU = Debug|Any CPU
		Release|Any CPU = Release|Any CPU
	EndGlobalSection
	GlobalSection(ProjectConfigurationPlatforms) = postSolution
		{2800F75A-B3FD-4331-892A-2008E7F40562}.Debug|Any CPU.ActiveCfg = Debug|Any CPU
		{2800F75A-B3FD-4331-892A-2008E7F40562}.Debug|Any CPU.Build.0 = Debug|Any CPU
		{2800F75A-B3FD-4331-892A-2008E7F40562}.Release|Any CPU.ActiveCfg = Release|Any CPU
		{2800F75A-B3FD-4331-892A-2008E7F40562}.Release|Any CPU.Build.0 = Release|Any CPU
	EndGlobalSection
	GlobalSection(SolutionProperties) = preSolution
		HideSolutionNode = FALSE
	EndGlobalSection
	GlobalSection(ExtensibilityGlobals) = postSolution
		SolutionGuid = {E4EE85F6-D444-4DDC-87D8-CD4D60B910C2}
	EndGlobalSection
EndGlobal
